
Microsoft Visual Studio Solution File, Format Version 11.00
# Visual Studio 2010
Project("{8BC9CEB8-8B4A-11D0-8D11-00A0C91BC942}") = "ConvexCollision", "PmCloth3D\PmCloth3D.vcxproj", "{D5E2412C-9AA6-41FA-922F-05450EF6912C}"
EndProject
Project("{8BC9CEB8-8B4A-11D0-8D11-00A0C91BC942}") = "BulletCollision", "BulletCollision\BulletCollision.vcxproj", "{0134A467-8581-4C3D-BEB4-E4B59810BB32}"
	ProjectSection(ProjectDependencies) = postProject
		{42B9BF31-41A4-480E-80CF-1F4F4A3CFB46} = {42B9BF31-41A4-480E-80CF-1F4F4A3CFB46}
	EndProjectSection
EndProject
Project("{8BC9CEB8-8B4A-11D0-8D11-00A0C91BC942}") = "LinearMath", "LinearMath\LinearMath.vcxproj", "{42B9BF31-41A4-480E-80CF-1F4F4A3CFB46}"
EndProject
Project("{8BC9CEB8-8B4A-11D0-8D11-00A0C91BC942}") = "MyGJKEPA", "MyGJKEPA.vcxproj", "{8D06611F-13AA-4D6F-8946-12B2486A22B4}"
	ProjectSection(ProjectDependencies) = postProject
		{D5E2412C-9AA6-41FA-922F-05450EF6912C} = {D5E2412C-9AA6-41FA-922F-05450EF6912C}
		{42B9BF31-41A4-480E-80CF-1F4F4A3CFB46} = {42B9BF31-41A4-480E-80CF-1F4F4A3CFB46}
		{0134A467-8581-4C3D-BEB4-E4B59810BB32} = {0134A467-8581-4C3D-BEB4-E4B59810BB32}
	EndProjectSection
EndProject
Global
	GlobalSection(SolutionConfigurationPlatforms) = preSolution
		Debug|Win32 = Debug|Win32
		Debug|x64 = Debug|x64
		Release|Win32 = Release|Win32
		Release|x64 = Release|x64
	EndGlobalSection
	GlobalSection(ProjectConfigurationPlatforms) = postSolution
		{D5E2412C-9AA6-41FA-922F-05450EF6912C}.Debug|Win32.ActiveCfg = Debug|Win32
		{D5E2412C-9AA6-41FA-922F-05450EF6912C}.Debug|Win32.Build.0 = Debug|Win32
		{D5E2412C-9AA6-41FA-922F-05450EF6912C}.Debug|x64.ActiveCfg = Debug|x64
		{D5E2412C-9AA6-41FA-922F-05450EF6912C}.Debug|x64.Build.0 = Debug|x64
		{D5E2412C-9AA6-41FA-922F-05450EF6912C}.Release|Win32.ActiveCfg = Release|Win32
		{D5E2412C-9AA6-41FA-922F-05450EF6912C}.Release|Win32.Build.0 = Release|Win32
		{D5E2412C-9AA6-41FA-922F-05450EF6912C}.Release|x64.ActiveCfg = Release|x64
		{D5E2412C-9AA6-41FA-922F-05450EF6912C}.Release|x64.Build.0 = Release|x64
		{0134A467-8581-4C3D-BEB4-E4B59810BB32}.Debug|Win32.ActiveCfg = Debug|Win32
		{0134A467-8581-4C3D-BEB4-E4B59810BB32}.Debug|Win32.Build.0 = Debug|Win32
		{0134A467-8581-4C3D-BEB4-E4B59810BB32}.Debug|x64.ActiveCfg = Debug|Win32
		{0134A467-8581-4C3D-BEB4-E4B59810BB32}.Release|Win32.ActiveCfg = Release|Win32
		{0134A467-8581-4C3D-BEB4-E4B59810BB32}.Release|Win32.Build.0 = Release|Win32
		{0134A467-8581-4C3D-BEB4-E4B59810BB32}.Release|x64.ActiveCfg = Release|Win32
		{42B9BF31-41A4-480E-80CF-1F4F4A3CFB46}.Debug|Win32.ActiveCfg = Debug|Win32
		{42B9BF31-41A4-480E-80CF-1F4F4A3CFB46}.Debug|Win32.Build.0 = Debug|Win32
		{42B9BF31-41A4-480E-80CF-1F4F4A3CFB46}.Debug|x64.ActiveCfg = Debug|Win32
		{42B9BF31-41A4-480E-80CF-1F4F4A3CFB46}.Release|Win32.ActiveCfg = Release|Win32
		{42B9BF31-41A4-480E-80CF-1F4F4A3CFB46}.Release|Win32.Build.0 = Release|Win32
		{42B9BF31-41A4-480E-80CF-1F4F4A3CFB46}.Release|x64.ActiveCfg = Release|Win32
		{8D06611F-13AA-4D6F-8946-12B2486A22B4}.Debug|Win32.ActiveCfg = Debug|Win32
		{8D06611F-13AA-4D6F-8946-12B2486A22B4}.Debug|Win32.Build.0 = Debug|Win32
		{8D06611F-13AA-4D6F-8946-12B2486A22B4}.Debug|x64.ActiveCfg = Debug|Win32
		{8D06611F-13AA-4D6F-8946-12B2486A22B4}.Release|Win32.ActiveCfg = Release|Win32
		{8D06611F-13AA-4D6F-8946-12B2486A22B4}.Release|Win32.Build.0 = Release|Win32
		{8D06611F-13AA-4D6F-8946-12B2486A22B4}.Release|x64.ActiveCfg = Release|Win32
	EndGlobalSection
	GlobalSection(SolutionProperties) = preSolution
		HideSolutionNode = FALSE
	EndGlobalSection
EndGlobal
